
Microsoft Visual Studio Solution File, Format Version 12.00
# Visual Studio Version 17
VisualStudioVersion = 17.0.32112.339
MinimumVisualStudioVersion = 10.0.40219.1
Project("{FAE04EC0-301F-11D3-BF4B-00C04F79EFBC}") = "examen", "examen.csproj", "{7A1C5992-980C-430E-B267-757F6D33372D}"
EndProject
Global
	GlobalSection(SolutionConfigurationPlatforms) = preSolution
		Debug|Any CPU = Debug|Any CPU
		Release|Any CPU = Release|Any CPU
	EndGlobalSection
	GlobalSection(ProjectConfigurationPlatforms) = postSolution
		{7A1C5992-980C-430E-B267-757F6D33372D}.Debug|Any CPU.ActiveCfg = Debug|Any CPU
		{7A1C5992-980C-430E-B267-757F6D33372D}.Debug|Any CPU.Build.0 = Debug|Any CPU
		{7A1C5992-980C-430E-B267-757F6D33372D}.Release|Any CPU.ActiveCfg = Release|Any CPU
		{7A1C5992-980C-430E-B267-757F6D33372D}.Release|Any CPU.Build.0 = Release|Any CPU
	EndGlobalSection
	GlobalSection(SolutionProperties) = preSolution
		HideSolutionNode = FALSE
	EndGlobalSection
	GlobalSection(ExtensibilityGlobals) = postSolution
		SolutionGuid = {0000B11D-7A2D-407B-B368-59B0AA8F012C}
	EndGlobalSection
EndGlobal
